<Solution>
  <Folder Name="/src/">
    <Project Path="src/ProjectTraiding.Api/ProjectTraiding.Api.csproj" />
    <Project Path="src/ProjectTraiding.Management/ProjectTraiding.Management.csproj" />
    <Project Path="src/ProjectTraiding.Moex.Tests/ProjectTraiding.Moex.Tests.csproj" />
    <Project Path="src/ProjectTraiding.Moex/ProjectTraiding.Moex.csproj" />
    <Project Path="src/ProjectTraiding.Observability/ProjectTraiding.Observability.csproj" />
  </Folder>
</Solution>
