Microsoft Visual Studio Solution File, Format Version 12.00
# Visual Studio Version 17
VisualStudioVersion = 17.5.2.0
MinimumVisualStudioVersion = 10.0.40219.1
Project("{FAE04EC0-301F-11D3-BF4B-00C04F79EFBC}") = "History DataMoex", "History DataMoex.csproj", "{E1B02A03-213E-18AB-E3DA-9E5C73AFCF9B}"
EndProject
Global
	GlobalSection(SolutionConfigurationPlatforms) = preSolution
		Debug|Any CPU = Debug|Any CPU
		Release|Any CPU = Release|Any CPU
	EndGlobalSection
	GlobalSection(ProjectConfigurationPlatforms) = postSolution
		{E1B02A03-213E-18AB-E3DA-9E5C73AFCF9B}.Debug|Any CPU.ActiveCfg = Debug|Any CPU
		{E1B02A03-213E-18AB-E3DA-9E5C73AFCF9B}.Debug|Any CPU.Build.0 = Debug|Any CPU
		{E1B02A03-213E-18AB-E3DA-9E5C73AFCF9B}.Release|Any CPU.ActiveCfg = Release|Any CPU
		{E1B02A03-213E-18AB-E3DA-9E5C73AFCF9B}.Release|Any CPU.Build.0 = Release|Any CPU
	EndGlobalSection
	GlobalSection(SolutionProperties) = preSolution
		HideSolutionNode = FALSE
	EndGlobalSection
	GlobalSection(ExtensibilityGlobals) = postSolution
		SolutionGuid = {4E53AA8A-FD50-4236-9800-C87D07DAEDE6}
	EndGlobalSection
EndGlobal
